
Microsoft Visual Studio Solution File, Format Version 12.00
# Visual Studio Version 17
VisualStudioVersion = 17.7.34031.279
MinimumVisualStudioVersion = 10.0.40219.1
Project("{FAE04EC0-301F-11D3-BF4B-00C04F79EFBC}") = "mailManager", "mailManager\mailManager.csproj", "{A86B7AA9-3DC1-4428-B0AA-C886A82B5BB5}"
EndProject
Global
	GlobalSection(SolutionConfigurationPlatforms) = preSolution
		Debug|Any CPU = Debug|Any CPU
		Release|Any CPU = Release|Any CPU
	EndGlobalSection
	GlobalSection(ProjectConfigurationPlatforms) = postSolution
		{A86B7AA9-3DC1-4428-B0AA-C886A82B5BB5}.Debug|Any CPU.ActiveCfg = Debug|Any CPU
		{A86B7AA9-3DC1-4428-B0AA-C886A82B5BB5}.Debug|Any CPU.Build.0 = Debug|Any CPU
		{A86B7AA9-3DC1-4428-B0AA-C886A82B5BB5}.Release|Any CPU.ActiveCfg = Release|Any CPU
		{A86B7AA9-3DC1-4428-B0AA-C886A82B5BB5}.Release|Any CPU.Build.0 = Release|Any CPU
	EndGlobalSection
	GlobalSection(SolutionProperties) = preSolution
		HideSolutionNode = FALSE
	EndGlobalSection
	GlobalSection(ExtensibilityGlobals) = postSolution
		SolutionGuid = {BB344065-0F1D-4292-8FA2-04FEE0CC03BD}
	EndGlobalSection
EndGlobal
